// !$*UTF8*$!
{
	archiveVersion = 1;
	classes = {
	};
	objectVersion = 48;
	objects = {

/* Begin PBXBuildFile section */
		796431CA1FBA306800C95134 /* UIColor+Adjustments.swift in Sources */ = {isa = PBXBuildFile; fileRef = 796431C91FBA306800C95134 /* UIColor+Adjustments.swift */; };
		797076351FB62D000043F200 /* StatusCollectionViewCell.swift in Sources */ = {isa = PBXBuildFile; fileRef = 797076331FB62D000043F200 /* StatusCollectionViewCell.swift */; };
		797076361FB62D000043F200 /* StatusCollectionViewCell.xib in Resources */ = {isa = PBXBuildFile; fileRef = 797076341FB62D000043F200 /* StatusCollectionViewCell.xib */; };
		797076391FB655700043F200 /* CryptoSwift.framework in Frameworks */ = {isa = PBXBuildFile; fileRef = 797076381FB655700043F200 /* CryptoSwift.framework */; };
		798683E11F9B96EC00D7EE79 /* AppDelegate.swift in Sources */ = {isa = PBXBuildFile; fileRef = 798683E01F9B96EC00D7EE79 /* AppDelegate.swift */; };
		798683E81F9B96EC00D7EE79 /* Assets.xcassets in Resources */ = {isa = PBXBuildFile; fileRef = 798683E71F9B96EC00D7EE79 /* Assets.xcassets */; };
		798683EB1F9B96EC00D7EE79 /* LaunchScreen.storyboard in Resources */ = {isa = PBXBuildFile; fileRef = 798683E91F9B96EC00D7EE79 /* LaunchScreen.storyboard */; };
		799CF92E1FAFAA4D00860684 /* QRCode.swift in Sources */ = {isa = PBXBuildFile; fileRef = 799CF92D1FAFAA4D00860684 /* QRCode.swift */; };
		799CF9301FAFACA600860684 /* CodeData.swift in Sources */ = {isa = PBXBuildFile; fileRef = 799CF92F1FAFACA600860684 /* CodeData.swift */; };
		799F43431F9BA74D005550C1 /* MainViewController.swift in Sources */ = {isa = PBXBuildFile; fileRef = 799F43411F9BA74D005550C1 /* MainViewController.swift */; };
		799F43441F9BA74D005550C1 /* MainViewController.xib in Resources */ = {isa = PBXBuildFile; fileRef = 799F43421F9BA74D005550C1 /* MainViewController.xib */; };
		79A05D521F9BAFB50004BF9B /* ScannerViewController.swift in Sources */ = {isa = PBXBuildFile; fileRef = 79A05D501F9BAFB50004BF9B /* ScannerViewController.swift */; };
		79A05D531F9BAFB50004BF9B /* ScannerViewController.xib in Resources */ = {isa = PBXBuildFile; fileRef = 79A05D511F9BAFB50004BF9B /* ScannerViewController.xib */; };
		79A05D5A1F9BC6B10004BF9B /* UIColor+Application.swift in Sources */ = {isa = PBXBuildFile; fileRef = 79A05D591F9BC6B10004BF9B /* UIColor+Application.swift */; };
		79A05D5E1F9BCC620004BF9B /* AssembleViewController.swift in Sources */ = {isa = PBXBuildFile; fileRef = 79A05D5C1F9BCC620004BF9B /* AssembleViewController.swift */; };
		79A05D5F1F9BCC620004BF9B /* AssembleViewController.xib in Resources */ = {isa = PBXBuildFile; fileRef = 79A05D5D1F9BCC620004BF9B /* AssembleViewController.xib */; };
		79A05D631F9BCDBE0004BF9B /* NoScanView.xib in Resources */ = {isa = PBXBuildFile; fileRef = 79A05D621F9BCDBE0004BF9B /* NoScanView.xib */; };
		79A05D651F9BCDCD0004BF9B /* NoScanView.swift in Sources */ = {isa = PBXBuildFile; fileRef = 79A05D641F9BCDCD0004BF9B /* NoScanView.swift */; };
		79A05D671F9BD54B0004BF9B /* UIView+Initialisation.swift in Sources */ = {isa = PBXBuildFile; fileRef = 79A05D661F9BD54B0004BF9B /* UIView+Initialisation.swift */; };
		79A05D6B1F9BF0270004BF9B /* ActionButton.swift in Sources */ = {isa = PBXBuildFile; fileRef = 79A05D6A1F9BF0270004BF9B /* ActionButton.swift */; };
		79F16A451FB10543004AEC9C /* ScannerStatusView.xib in Resources */ = {isa = PBXBuildFile; fileRef = 79F16A441FB10543004AEC9C /* ScannerStatusView.xib */; };
		79F16A471FB1054B004AEC9C /* ScannerStatusView.swift in Sources */ = {isa = PBXBuildFile; fileRef = 79F16A461FB1054B004AEC9C /* ScannerStatusView.swift */; };
		79F209691FB863DE005327D6 /* PasswordProtectViewController.swift in Sources */ = {isa = PBXBuildFile; fileRef = 79F209671FB863DE005327D6 /* PasswordProtectViewController.swift */; };
		79F2096A1FB863DE005327D6 /* PasswordProtectViewController.xib in Resources */ = {isa = PBXBuildFile; fileRef = 79F209681FB863DE005327D6 /* PasswordProtectViewController.xib */; };
		79F2096D1FB89367005327D6 /* Encryptor.swift in Sources */ = {isa = PBXBuildFile; fileRef = 79F2096C1FB89367005327D6 /* Encryptor.swift */; };
		79F2096F1FB8CE65005327D6 /* ExportFileManager.swift in Sources */ = {isa = PBXBuildFile; fileRef = 79F2096E1FB8CE65005327D6 /* ExportFileManager.swift */; };
/* End PBXBuildFile section */

/* Begin PBXFileReference section */
		796431C91FBA306800C95134 /* UIColor+Adjustments.swift */ = {isa = PBXFileReference; lastKnownFileType = sourcecode.swift; path = "UIColor+Adjustments.swift"; sourceTree = "<group>"; };
		797076331FB62D000043F200 /* StatusCollectionViewCell.swift */ = {isa = PBXFileReference; lastKnownFileType = sourcecode.swift; name = StatusCollectionViewCell.swift; path = StatusUICollectionViewCell/StatusCollectionViewCell.swift; sourceTree = "<group>"; };
		797076341FB62D000043F200 /* StatusCollectionViewCell.xib */ = {isa = PBXFileReference; lastKnownFileType = file.xib; name = StatusCollectionViewCell.xib; path = StatusUICollectionViewCell/StatusCollectionViewCell.xib; sourceTree = "<group>"; };
		797076381FB655700043F200 /* CryptoSwift.framework */ = {isa = PBXFileReference; lastKnownFileType = wrapper.framework; name = CryptoSwift.framework; path = Carthage/Build/iOS/CryptoSwift.framework; sourceTree = "<group>"; };
		798683DD1F9B96EC00D7EE79 /* File2QRCode.app */ = {isa = PBXFileReference; explicitFileType = wrapper.application; includeInIndex = 0; path = File2QRCode.app; sourceTree = BUILT_PRODUCTS_DIR; };
		798683E01F9B96EC00D7EE79 /* AppDelegate.swift */ = {isa = PBXFileReference; lastKnownFileType = sourcecode.swift; path = AppDelegate.swift; sourceTree = "<group>"; };
		798683E71F9B96EC00D7EE79 /* Assets.xcassets */ = {isa = PBXFileReference; lastKnownFileType = folder.assetcatalog; path = Assets.xcassets; sourceTree = "<group>"; };
		798683EA1F9B96EC00D7EE79 /* Base */ = {isa = PBXFileReference; lastKnownFileType = file.storyboard; name = Base; path = Base.lproj/LaunchScreen.storyboard; sourceTree = "<group>"; };
		798683EC1F9B96EC00D7EE79 /* Info.plist */ = {isa = PBXFileReference; lastKnownFileType = text.plist.xml; path = Info.plist; sourceTree = "<group>"; };
		799CF92D1FAFAA4D00860684 /* QRCode.swift */ = {isa = PBXFileReference; lastKnownFileType = sourcecode.swift; path = QRCode.swift; sourceTree = "<group>"; };
		799CF92F1FAFACA600860684 /* CodeData.swift */ = {isa = PBXFileReference; lastKnownFileType = sourcecode.swift; path = CodeData.swift; sourceTree = "<group>"; };
		799F43411F9BA74D005550C1 /* MainViewController.swift */ = {isa = PBXFileReference; lastKnownFileType = sourcecode.swift; path = MainViewController.swift; sourceTree = "<group>"; };
		799F43421F9BA74D005550C1 /* MainViewController.xib */ = {isa = PBXFileReference; lastKnownFileType = file.xib; path = MainViewController.xib; sourceTree = "<group>"; };
		79A05D501F9BAFB50004BF9B /* ScannerViewController.swift */ = {isa = PBXFileReference; lastKnownFileType = sourcecode.swift; path = ScannerViewController.swift; sourceTree = "<group>"; };
		79A05D511F9BAFB50004BF9B /* ScannerViewController.xib */ = {isa = PBXFileReference; lastKnownFileType = file.xib; path = ScannerViewController.xib; sourceTree = "<group>"; };
		79A05D591F9BC6B10004BF9B /* UIColor+Application.swift */ = {isa = PBXFileReference; lastKnownFileType = sourcecode.swift; path = "UIColor+Application.swift"; sourceTree = "<group>"; };
		79A05D5C1F9BCC620004BF9B /* AssembleViewController.swift */ = {isa = PBXFileReference; lastKnownFileType = sourcecode.swift; path = AssembleViewController.swift; sourceTree = "<group>"; };
		79A05D5D1F9BCC620004BF9B /* AssembleViewController.xib */ = {isa = PBXFileReference; lastKnownFileType = file.xib; path = AssembleViewController.xib; sourceTree = "<group>"; };
		79A05D621F9BCDBE0004BF9B /* NoScanView.xib */ = {isa = PBXFileReference; lastKnownFileType = file.xib; path = NoScanView.xib; sourceTree = "<group>"; };
		79A05D641F9BCDCD0004BF9B /* NoScanView.swift */ = {isa = PBXFileReference; lastKnownFileType = sourcecode.swift; path = NoScanView.swift; sourceTree = "<group>"; };
		79A05D661F9BD54B0004BF9B /* UIView+Initialisation.swift */ = {isa = PBXFileReference; lastKnownFileType = sourcecode.swift; path = "UIView+Initialisation.swift"; sourceTree = "<group>"; };
		79A05D6A1F9BF0270004BF9B /* ActionButton.swift */ = {isa = PBXFileReference; lastKnownFileType = sourcecode.swift; path = ActionButton.swift; sourceTree = "<group>"; };
		79F16A441FB10543004AEC9C /* ScannerStatusView.xib */ = {isa = PBXFileReference; lastKnownFileType = file.xib; path = ScannerStatusView.xib; sourceTree = "<group>"; };
		79F16A461FB1054B004AEC9C /* ScannerStatusView.swift */ = {isa = PBXFileReference; lastKnownFileType = sourcecode.swift; path = ScannerStatusView.swift; sourceTree = "<group>"; };
		79F209671FB863DE005327D6 /* PasswordProtectViewController.swift */ = {isa = PBXFileReference; lastKnownFileType = sourcecode.swift; path = PasswordProtectViewController.swift; sourceTree = "<group>"; };
		79F209681FB863DE005327D6 /* PasswordProtectViewController.xib */ = {isa = PBXFileReference; lastKnownFileType = file.xib; path = PasswordProtectViewController.xib; sourceTree = "<group>"; };
		79F2096C1FB89367005327D6 /* Encryptor.swift */ = {isa = PBXFileReference; lastKnownFileType = sourcecode.swift; path = Encryptor.swift; sourceTree = "<group>"; };
		79F2096E1FB8CE65005327D6 /* ExportFileManager.swift */ = {isa = PBXFileReference; lastKnownFileType = sourcecode.swift; path = ExportFileManager.swift; sourceTree = "<group>"; };
/* End PBXFileReference section */

/* Begin PBXFrameworksBuildPhase section */
		798683DA1F9B96EC00D7EE79 /* Frameworks */ = {
			isa = PBXFrameworksBuildPhase;
			buildActionMask = 2147483647;
			files = (
				797076391FB655700043F200 /* CryptoSwift.framework in Frameworks */,
			);
			runOnlyForDeploymentPostprocessing = 0;
		};
/* End PBXFrameworksBuildPhase section */

/* Begin PBXGroup section */
		797076321FB62CDE0043F200 /* UICollectionViewCells */ = {
			isa = PBXGroup;
			children = (
				797076331FB62D000043F200 /* StatusCollectionViewCell.swift */,
				797076341FB62D000043F200 /* StatusCollectionViewCell.xib */,
			);
			path = UICollectionViewCells;
			sourceTree = "<group>";
		};
		797076371FB6556F0043F200 /* Frameworks */ = {
			isa = PBXGroup;
			children = (
				797076381FB655700043F200 /* CryptoSwift.framework */,
			);
			name = Frameworks;
			sourceTree = "<group>";
		};
		798683D41F9B96EC00D7EE79 = {
			isa = PBXGroup;
			children = (
				798683DF1F9B96EC00D7EE79 /* File2QRCode */,
				798683DE1F9B96EC00D7EE79 /* Products */,
				797076371FB6556F0043F200 /* Frameworks */,
			);
			sourceTree = "<group>";
		};
		798683DE1F9B96EC00D7EE79 /* Products */ = {
			isa = PBXGroup;
			children = (
				798683DD1F9B96EC00D7EE79 /* File2QRCode.app */,
			);
			name = Products;
			sourceTree = "<group>";
		};
		798683DF1F9B96EC00D7EE79 /* File2QRCode */ = {
			isa = PBXGroup;
			children = (
				79A05D581F9BC69E0004BF9B /* Extensions */,
				79F2096B1FB8934D005327D6 /* Misc */,
				799CF92C1FAFAA1E00860684 /* Models */,
				799F43361F9BA670005550C1 /* ViewControllers */,
				79A05D601F9BCD850004BF9B /* Views */,
				798683E01F9B96EC00D7EE79 /* AppDelegate.swift */,
				798683E71F9B96EC00D7EE79 /* Assets.xcassets */,
				798683E91F9B96EC00D7EE79 /* LaunchScreen.storyboard */,
				798683EC1F9B96EC00D7EE79 /* Info.plist */,
			);
			path = File2QRCode;
			sourceTree = "<group>";
		};
		799CF92C1FAFAA1E00860684 /* Models */ = {
			isa = PBXGroup;
			children = (
				799CF92D1FAFAA4D00860684 /* QRCode.swift */,
				799CF92F1FAFACA600860684 /* CodeData.swift */,
			);
			path = Models;
			sourceTree = "<group>";
		};
		799F43361F9BA670005550C1 /* ViewControllers */ = {
			isa = PBXGroup;
			children = (
				79A05D5B1F9BCB890004BF9B /* AssembleViewController */,
				799F43401F9BA73E005550C1 /* MainViewController */,
				79F209661FB863BD005327D6 /* PasswordProtectViewController */,
				79A05D4F1F9BAF9B0004BF9B /* ScannerViewController */,
			);
			path = ViewControllers;
			sourceTree = "<group>";
		};
		799F43401F9BA73E005550C1 /* MainViewController */ = {
			isa = PBXGroup;
			children = (
				799F43411F9BA74D005550C1 /* MainViewController.swift */,
				799F43421F9BA74D005550C1 /* MainViewController.xib */,
			);
			path = MainViewController;
			sourceTree = "<group>";
		};
		79A05D4F1F9BAF9B0004BF9B /* ScannerViewController */ = {
			isa = PBXGroup;
			children = (
				79A05D501F9BAFB50004BF9B /* ScannerViewController.swift */,
				79A05D511F9BAFB50004BF9B /* ScannerViewController.xib */,
			);
			path = ScannerViewController;
			sourceTree = "<group>";
		};
		79A05D581F9BC69E0004BF9B /* Extensions */ = {
			isa = PBXGroup;
			children = (
				796431C91FBA306800C95134 /* UIColor+Adjustments.swift */,
				79A05D591F9BC6B10004BF9B /* UIColor+Application.swift */,
				79A05D661F9BD54B0004BF9B /* UIView+Initialisation.swift */,
			);
			path = Extensions;
			sourceTree = "<group>";
		};
		79A05D5B1F9BCB890004BF9B /* AssembleViewController */ = {
			isa = PBXGroup;
			children = (
				79A05D5C1F9BCC620004BF9B /* AssembleViewController.swift */,
				79A05D5D1F9BCC620004BF9B /* AssembleViewController.xib */,
			);
			path = AssembleViewController;
			sourceTree = "<group>";
		};
		79A05D601F9BCD850004BF9B /* Views */ = {
			isa = PBXGroup;
			children = (
				797076321FB62CDE0043F200 /* UICollectionViewCells */,
				79A05D691F9BF00F0004BF9B /* UIButtons */,
				79A05D681F9BEFFD0004BF9B /* UIViews */,
			);
			path = Views;
			sourceTree = "<group>";
		};
		79A05D611F9BCD9A0004BF9B /* NoScanView */ = {
			isa = PBXGroup;
			children = (
				79A05D641F9BCDCD0004BF9B /* NoScanView.swift */,
				79A05D621F9BCDBE0004BF9B /* NoScanView.xib */,
			);
			path = NoScanView;
			sourceTree = "<group>";
		};
		79A05D681F9BEFFD0004BF9B /* UIViews */ = {
			isa = PBXGroup;
			children = (
				79F16A431FB10524004AEC9C /* ScannerStatusView */,
				79A05D611F9BCD9A0004BF9B /* NoScanView */,
			);
			path = UIViews;
			sourceTree = "<group>";
		};
		79A05D691F9BF00F0004BF9B /* UIButtons */ = {
			isa = PBXGroup;
			children = (
				79A05D6A1F9BF0270004BF9B /* ActionButton.swift */,
			);
			path = UIButtons;
			sourceTree = "<group>";
		};
		79F16A431FB10524004AEC9C /* ScannerStatusView */ = {
			isa = PBXGroup;
			children = (
				79F16A461FB1054B004AEC9C /* ScannerStatusView.swift */,
				79F16A441FB10543004AEC9C /* ScannerStatusView.xib */,
			);
			path = ScannerStatusView;
			sourceTree = "<group>";
		};
		79F209661FB863BD005327D6 /* PasswordProtectViewController */ = {
			isa = PBXGroup;
			children = (
				79F209671FB863DE005327D6 /* PasswordProtectViewController.swift */,
				79F209681FB863DE005327D6 /* PasswordProtectViewController.xib */,
			);
			path = PasswordProtectViewController;
			sourceTree = "<group>";
		};
		79F2096B1FB8934D005327D6 /* Misc */ = {
			isa = PBXGroup;
			children = (
				79F2096C1FB89367005327D6 /* Encryptor.swift */,
				79F2096E1FB8CE65005327D6 /* ExportFileManager.swift */,
			);
			path = Misc;
			sourceTree = "<group>";
		};
/* End PBXGroup section */

/* Begin PBXNativeTarget section */
		798683DC1F9B96EC00D7EE79 /* File2QRCode */ = {
			isa = PBXNativeTarget;
			buildConfigurationList = 798683EF1F9B96EC00D7EE79 /* Build configuration list for PBXNativeTarget "File2QRCode" */;
			buildPhases = (
				798683D91F9B96EC00D7EE79 /* Sources */,
				798683DA1F9B96EC00D7EE79 /* Frameworks */,
				798683DB1F9B96EC00D7EE79 /* Resources */,
				799F43451F9BA9E4005550C1 /* Swiftlint */,
				7970763A1FB656BC0043F200 /* Carthage */,
			);
			buildRules = (
			);
			dependencies = (
			);
			name = File2QRCode;
			productName = File2QRCode;
			productReference = 798683DD1F9B96EC00D7EE79 /* File2QRCode.app */;
			productType = "com.apple.product-type.application";
		};
/* End PBXNativeTarget section */

/* Begin PBXProject section */
		798683D51F9B96EC00D7EE79 /* Project object */ = {
			isa = PBXProject;
			attributes = {
				LastSwiftUpdateCheck = 0900;
				LastUpgradeCheck = 0900;
				ORGANIZATIONNAME = "Maxime Junger";
				TargetAttributes = {
					798683DC1F9B96EC00D7EE79 = {
						CreatedOnToolsVersion = 9.0;
						ProvisioningStyle = Automatic;
					};
				};
			};
			buildConfigurationList = 798683D81F9B96EC00D7EE79 /* Build configuration list for PBXProject "File2QRCode" */;
			compatibilityVersion = "Xcode 8.0";
			developmentRegion = en;
			hasScannedForEncodings = 0;
			knownRegions = (
				en,
				Base,
			);
			mainGroup = 798683D41F9B96EC00D7EE79;
			productRefGroup = 798683DE1F9B96EC00D7EE79 /* Products */;
			projectDirPath = "";
			projectRoot = "";
			targets = (
				798683DC1F9B96EC00D7EE79 /* File2QRCode */,
			);
		};
/* End PBXProject section */

/* Begin PBXResourcesBuildPhase section */
		798683DB1F9B96EC00D7EE79 /* Resources */ = {
			isa = PBXResourcesBuildPhase;
			buildActionMask = 2147483647;
			files = (
				797076361FB62D000043F200 /* StatusCollectionViewCell.xib in Resources */,
				79F16A451FB10543004AEC9C /* ScannerStatusView.xib in Resources */,
				798683EB1F9B96EC00D7EE79 /* LaunchScreen.storyboard in Resources */,
				798683E81F9B96EC00D7EE79 /* Assets.xcassets in Resources */,
				79A05D5F1F9BCC620004BF9B /* AssembleViewController.xib in Resources */,
				799F43441F9BA74D005550C1 /* MainViewController.xib in Resources */,
				79F2096A1FB863DE005327D6 /* PasswordProtectViewController.xib in Resources */,
				79A05D631F9BCDBE0004BF9B /* NoScanView.xib in Resources */,
				79A05D531F9BAFB50004BF9B /* ScannerViewController.xib in Resources */,
			);
			runOnlyForDeploymentPostprocessing = 0;
		};
/* End PBXResourcesBuildPhase section */

/* Begin PBXShellScriptBuildPhase section */
		7970763A1FB656BC0043F200 /* Carthage */ = {
			isa = PBXShellScriptBuildPhase;
			buildActionMask = 2147483647;
			files = (
			);
			inputPaths = (
				"$(SRCROOT)/Carthage/Build/iOS/CryptoSwift.framework",
			);
			name = Carthage;
			outputPaths = (
				"$(BUILT_PRODUCTS_DIR)/$(FRAMEWORKS_FOLDER_PATH)/CryptoSwift.framework",
			);
			runOnlyForDeploymentPostprocessing = 0;
			shellPath = /bin/sh;
			shellScript = "/usr/local/bin/carthage copy-frameworks\n";
		};
		799F43451F9BA9E4005550C1 /* Swiftlint */ = {
			isa = PBXShellScriptBuildPhase;
			buildActionMask = 2147483647;
			files = (
			);
			inputPaths = (
			);
			name = Swiftlint;
			outputPaths = (
			);
			runOnlyForDeploymentPostprocessing = 0;
			shellPath = /bin/sh;
			shellScript = "if which swiftlint >/dev/null; then\nswiftlint\nelse\necho \"warning: SwiftLint not installed, download from https://github.com/realm/SwiftLint\"\nfi";
		};
/* End PBXShellScriptBuildPhase section */

/* Begin PBXSourcesBuildPhase section */
		798683D91F9B96EC00D7EE79 /* Sources */ = {
			isa = PBXSourcesBuildPhase;
			buildActionMask = 2147483647;
			files = (
				79F2096F1FB8CE65005327D6 /* ExportFileManager.swift in Sources */,
				79F2096D1FB89367005327D6 /* Encryptor.swift in Sources */,
				79F209691FB863DE005327D6 /* PasswordProtectViewController.swift in Sources */,
				79A05D651F9BCDCD0004BF9B /* NoScanView.swift in Sources */,
				798683E11F9B96EC00D7EE79 /* AppDelegate.swift in Sources */,
				79A05D521F9BAFB50004BF9B /* ScannerViewController.swift in Sources */,
				79A05D5A1F9BC6B10004BF9B /* UIColor+Application.swift in Sources */,
				797076351FB62D000043F200 /* StatusCollectionViewCell.swift in Sources */,
				799CF9301FAFACA600860684 /* CodeData.swift in Sources */,
				799F43431F9BA74D005550C1 /* MainViewController.swift in Sources */,
				79F16A471FB1054B004AEC9C /* ScannerStatusView.swift in Sources */,
				799CF92E1FAFAA4D00860684 /* QRCode.swift in Sources */,
				79A05D671F9BD54B0004BF9B /* UIView+Initialisation.swift in Sources */,
				79A05D5E1F9BCC620004BF9B /* AssembleViewController.swift in Sources */,
				796431CA1FBA306800C95134 /* UIColor+Adjustments.swift in Sources */,
				79A05D6B1F9BF0270004BF9B /* ActionButton.swift in Sources */,
			);
			runOnlyForDeploymentPostprocessing = 0;
		};
/* End PBXSourcesBuildPhase section */

/* Begin PBXVariantGroup section */
		798683E91F9B96EC00D7EE79 /* LaunchScreen.storyboard */ = {
			isa = PBXVariantGroup;
			children = (
				798683EA1F9B96EC00D7EE79 /* Base */,
			);
			name = LaunchScreen.storyboard;
			sourceTree = "<group>";
		};
/* End PBXVariantGroup section */

/* Begin XCBuildConfiguration section */
		798683ED1F9B96EC00D7EE79 /* Debug */ = {
			isa = XCBuildConfiguration;
			buildSettings = {
				ALWAYS_SEARCH_USER_PATHS = NO;
				CLANG_ANALYZER_NONNULL = YES;
				CLANG_ANALYZER_NUMBER_OBJECT_CONVERSION = YES_AGGRESSIVE;
				CLANG_CXX_LANGUAGE_STANDARD = "gnu++14";
				CLANG_CXX_LIBRARY = "libc++";
				CLANG_ENABLE_MODULES = YES;
				CLANG_ENABLE_OBJC_ARC = YES;
				CLANG_WARN_BLOCK_CAPTURE_AUTORELEASING = YES;
				CLANG_WARN_BOOL_CONVERSION = YES;
				CLANG_WARN_COMMA = YES;
				CLANG_WARN_CONSTANT_CONVERSION = YES;
				CLANG_WARN_DIRECT_OBJC_ISA_USAGE = YES_ERROR;
				CLANG_WARN_DOCUMENTATION_COMMENTS = YES;
				CLANG_WARN_EMPTY_BODY = YES;
				CLANG_WARN_ENUM_CONVERSION = YES;
				CLANG_WARN_INFINITE_RECURSION = YES;
				CLANG_WARN_INT_CONVERSION = YES;
				CLANG_WARN_NON_LITERAL_NULL_CONVERSION = YES;
				CLANG_WARN_OBJC_LITERAL_CONVERSION = YES;
				CLANG_WARN_OBJC_ROOT_CLASS = YES_ERROR;
				CLANG_WARN_RANGE_LOOP_ANALYSIS = YES;
				CLANG_WARN_STRICT_PROTOTYPES = YES;
				CLANG_WARN_SUSPICIOUS_MOVE = YES;
				CLANG_WARN_UNGUARDED_AVAILABILITY = YES_AGGRESSIVE;
				CLANG_WARN_UNREACHABLE_CODE = YES;
				CLANG_WARN__DUPLICATE_METHOD_MATCH = YES;
				CODE_SIGN_IDENTITY = "iPhone Developer";
				COPY_PHASE_STRIP = NO;
				DEBUG_INFORMATION_FORMAT = dwarf;
				ENABLE_STRICT_OBJC_MSGSEND = YES;
				ENABLE_TESTABILITY = YES;
				GCC_C_LANGUAGE_STANDARD = gnu11;
				GCC_DYNAMIC_NO_PIC = NO;
				GCC_NO_COMMON_BLOCKS = YES;
				GCC_OPTIMIZATION_LEVEL = 0;
				GCC_PREPROCESSOR_DEFINITIONS = (
					"DEBUG=1",
					"$(inherited)",
				);
				GCC_WARN_64_TO_32_BIT_CONVERSION = YES;
				GCC_WARN_ABOUT_RETURN_TYPE = YES_ERROR;
				GCC_WARN_UNDECLARED_SELECTOR = YES;
				GCC_WARN_UNINITIALIZED_AUTOS = YES_AGGRESSIVE;
				GCC_WARN_UNUSED_FUNCTION = YES;
				GCC_WARN_UNUSED_VARIABLE = YES;
				IPHONEOS_DEPLOYMENT_TARGET = 11.0;
				MTL_ENABLE_DEBUG_INFO = YES;
				ONLY_ACTIVE_ARCH = YES;
				SDKROOT = iphoneos;
				SWIFT_ACTIVE_COMPILATION_CONDITIONS = DEBUG;
				SWIFT_OPTIMIZATION_LEVEL = "-Onone";
			};
			name = Debug;
		};
		798683EE1F9B96EC00D7EE79 /* Release */ = {
			isa = XCBuildConfiguration;
			buildSettings = {
				ALWAYS_SEARCH_USER_PATHS = NO;
				CLANG_ANALYZER_NONNULL = YES;
				CLANG_ANALYZER_NUMBER_OBJECT_CONVERSION = YES_AGGRESSIVE;
				CLANG_CXX_LANGUAGE_STANDARD = "gnu++14";
				CLANG_CXX_LIBRARY = "libc++";
				CLANG_ENABLE_MODULES = YES;
				CLANG_ENABLE_OBJC_ARC = YES;
				CLANG_WARN_BLOCK_CAPTURE_AUTORELEASING = YES;
				CLANG_WARN_BOOL_CONVERSION = YES;
				CLANG_WARN_COMMA = YES;
				CLANG_WARN_CONSTANT_CONVERSION = YES;
				CLANG_WARN_DIRECT_OBJC_ISA_USAGE = YES_ERROR;
				CLANG_WARN_DOCUMENTATION_COMMENTS = YES;
				CLANG_WARN_EMPTY_BODY = YES;
				CLANG_WARN_ENUM_CONVERSION = YES;
				CLANG_WARN_INFINITE_RECURSION = YES;
				CLANG_WARN_INT_CONVERSION = YES;
				CLANG_WARN_NON_LITERAL_NULL_CONVERSION = YES;
				CLANG_WARN_OBJC_LITERAL_CONVERSION = YES;
				CLANG_WARN_OBJC_ROOT_CLASS = YES_ERROR;
				CLANG_WARN_RANGE_LOOP_ANALYSIS = YES;
				CLANG_WARN_STRICT_PROTOTYPES = YES;
				CLANG_WARN_SUSPICIOUS_MOVE = YES;
				CLANG_WARN_UNGUARDED_AVAILABILITY = YES_AGGRESSIVE;
				CLANG_WARN_UNREACHABLE_CODE = YES;
				CLANG_WARN__DUPLICATE_METHOD_MATCH = YES;
				CODE_SIGN_IDENTITY = "iPhone Developer";
				COPY_PHASE_STRIP = NO;
				DEBUG_INFORMATION_FORMAT = "dwarf-with-dsym";
				ENABLE_NS_ASSERTIONS = NO;
				ENABLE_STRICT_OBJC_MSGSEND = YES;
				GCC_C_LANGUAGE_STANDARD = gnu11;
				GCC_NO_COMMON_BLOCKS = YES;
				GCC_WARN_64_TO_32_BIT_CONVERSION = YES;
				GCC_WARN_ABOUT_RETURN_TYPE = YES_ERROR;
				GCC_WARN_UNDECLARED_SELECTOR = YES;
				GCC_WARN_UNINITIALIZED_AUTOS = YES_AGGRESSIVE;
				GCC_WARN_UNUSED_FUNCTION = YES;
				GCC_WARN_UNUSED_VARIABLE = YES;
				IPHONEOS_DEPLOYMENT_TARGET = 11.0;
				MTL_ENABLE_DEBUG_INFO = NO;
				SDKROOT = iphoneos;
				SWIFT_OPTIMIZATION_LEVEL = "-Owholemodule";
				VALIDATE_PRODUCT = YES;
			};
			name = Release;
		};
		798683F01F9B96EC00D7EE79 /* Debug */ = {
			isa = XCBuildConfiguration;
			buildSettings = {
				ASSETCATALOG_COMPILER_APPICON_NAME = AppIcon;
				CODE_SIGN_STYLE = Automatic;
				DEVELOPMENT_TEAM = JWHA9MBD3S;
				FRAMEWORK_SEARCH_PATHS = (
					"$(inherited)",
					"$(PROJECT_DIR)/Carthage/Build/iOS",
				);
				INFOPLIST_FILE = File2QRCode/Info.plist;
				LD_RUNPATH_SEARCH_PATHS = "$(inherited) @executable_path/Frameworks";
				PRODUCT_BUNDLE_IDENTIFIER = Shakarang.File2QRCode;
				PRODUCT_NAME = "$(TARGET_NAME)";
				SWIFT_VERSION = 4.0;
				TARGETED_DEVICE_FAMILY = "1,2";
			};
			name = Debug;
		};
		798683F11F9B96EC00D7EE79 /* Release */ = {
			isa = XCBuildConfiguration;
			buildSettings = {
				ASSETCATALOG_COMPILER_APPICON_NAME = AppIcon;
				CODE_SIGN_STYLE = Automatic;
				DEVELOPMENT_TEAM = JWHA9MBD3S;
				FRAMEWORK_SEARCH_PATHS = (
					"$(inherited)",
					"$(PROJECT_DIR)/Carthage/Build/iOS",
				);
				INFOPLIST_FILE = File2QRCode/Info.plist;
				LD_RUNPATH_SEARCH_PATHS = "$(inherited) @executable_path/Frameworks";
				PRODUCT_BUNDLE_IDENTIFIER = Shakarang.File2QRCode;
				PRODUCT_NAME = "$(TARGET_NAME)";
				SWIFT_VERSION = 4.0;
				TARGETED_DEVICE_FAMILY = "1,2";
			};
			name = Release;
		};
/* End XCBuildConfiguration section */

/* Begin XCConfigurationList section */
		798683D81F9B96EC00D7EE79 /* Build configuration list for PBXProject "File2QRCode" */ = {
			isa = XCConfigurationList;
			buildConfigurations = (
				798683ED1F9B96EC00D7EE79 /* Debug */,
				798683EE1F9B96EC00D7EE79 /* Release */,
			);
			defaultConfigurationIsVisible = 0;
			defaultConfigurationName = Release;
		};
		798683EF1F9B96EC00D7EE79 /* Build configuration list for PBXNativeTarget "File2QRCode" */ = {
			isa = XCConfigurationList;
			buildConfigurations = (
				798683F01F9B96EC00D7EE79 /* Debug */,
				798683F11F9B96EC00D7EE79 /* Release */,
			);
			defaultConfigurationIsVisible = 0;
			defaultConfigurationName = Release;
		};
/* End XCConfigurationList section */
	};
	rootObject = 798683D51F9B96EC00D7EE79 /* Project object */;
}
